
Microsoft Visual Studio Solution File, Format Version 11.00
# Visual Studio 2010
Project("{FAE04EC0-301F-11D3-BF4B-00C04F79EFBC}") = "Mobile.Utils.Core", "Mobile.Utils.Core\Mobile.Utils.Core.csproj", "{760361F6-9982-46B5-B273-B8572DBE3473}"
EndProject
Project("{FAE04EC0-301F-11D3-BF4B-00C04F79EFBC}") = "Mobile.Utils.Android", "Mobile.Utils.Android\Mobile.Utils.Android.csproj", "{6C6FACEB-3E30-41FB-8312-E3A4268EBEFB}"
EndProject
Project("{FAE04EC0-301F-11D3-BF4B-00C04F79EFBC}") = "Mobile.Utils.iOS", "Mobile.Utils.iOS\Mobile.Utils.iOS.csproj", "{14625DDD-CCDC-4543-9FFE-96579E578D2E}"
EndProject
Project("{FAE04EC0-301F-11D3-BF4B-00C04F79EFBC}") = "Mobile.Utils.Extensions", "Mobile.Utils.Extensions\Mobile.Utils.Extensions.csproj", "{E3FE7D32-B6C1-4037-B820-FC626292E8C8}"
EndProject
Global
	GlobalSection(SolutionConfigurationPlatforms) = preSolution
		Debug|Any CPU = Debug|Any CPU
		Release|Any CPU = Release|Any CPU
	EndGlobalSection
	GlobalSection(ProjectConfigurationPlatforms) = postSolution
		{14625DDD-CCDC-4543-9FFE-96579E578D2E}.Debug|Any CPU.ActiveCfg = Debug|Any CPU
		{14625DDD-CCDC-4543-9FFE-96579E578D2E}.Debug|Any CPU.Build.0 = Debug|Any CPU
		{14625DDD-CCDC-4543-9FFE-96579E578D2E}.Release|Any CPU.ActiveCfg = Release|Any CPU
		{14625DDD-CCDC-4543-9FFE-96579E578D2E}.Release|Any CPU.Build.0 = Release|Any CPU
		{6C6FACEB-3E30-41FB-8312-E3A4268EBEFB}.Debug|Any CPU.ActiveCfg = Debug|Any CPU
		{6C6FACEB-3E30-41FB-8312-E3A4268EBEFB}.Debug|Any CPU.Build.0 = Debug|Any CPU
		{6C6FACEB-3E30-41FB-8312-E3A4268EBEFB}.Release|Any CPU.ActiveCfg = Release|Any CPU
		{6C6FACEB-3E30-41FB-8312-E3A4268EBEFB}.Release|Any CPU.Build.0 = Release|Any CPU
		{760361F6-9982-46B5-B273-B8572DBE3473}.Debug|Any CPU.ActiveCfg = Debug|Any CPU
		{760361F6-9982-46B5-B273-B8572DBE3473}.Debug|Any CPU.Build.0 = Debug|Any CPU
		{760361F6-9982-46B5-B273-B8572DBE3473}.Release|Any CPU.ActiveCfg = Release|Any CPU
		{760361F6-9982-46B5-B273-B8572DBE3473}.Release|Any CPU.Build.0 = Release|Any CPU
		{E3FE7D32-B6C1-4037-B820-FC626292E8C8}.Debug|Any CPU.ActiveCfg = Debug|Any CPU
		{E3FE7D32-B6C1-4037-B820-FC626292E8C8}.Debug|Any CPU.Build.0 = Debug|Any CPU
		{E3FE7D32-B6C1-4037-B820-FC626292E8C8}.Release|Any CPU.ActiveCfg = Release|Any CPU
		{E3FE7D32-B6C1-4037-B820-FC626292E8C8}.Release|Any CPU.Build.0 = Release|Any CPU
	EndGlobalSection
	GlobalSection(MonoDevelopProperties) = preSolution
		StartupItem = Mobile.Utils.Core\Mobile.Utils.Core.csproj
	EndGlobalSection
EndGlobal
